{
  "name": "tcc_atualizado_30-07-2025",
  "version": "1.0.0",
  "lockfileVersion": 3,
  "requires": true,
  "packages": {
    "": {
      "name": "tcc_atualizado_30-07-2025",
      "version": "1.0.0",
      "license": "ISC",
      "dependencies": {
        "nodemailer": "^7.0.5",
        "sweetalert2": "^11.22.3"
      }
    },
    "node_modules/nodemailer": {
      "version": "7.0.5",
      "resolved": "https://registry.npmjs.org/nodemailer/-/nodemailer-7.0.5.tgz",
      "integrity": "sha512-nsrh2lO3j4GkLLXoeEksAMgAOqxOv6QumNRVQTJwKH4nuiww6iC2y7GyANs9kRAxCexg3+lTWM3PZ91iLlVjfg==",
      "license": "MIT-0",
      "engines": {
        "node": ">=6.0.0"
      }
    },
    "node_modules/sweetalert2": {
      "version": "11.22.3",
      "resolved": "https://registry.npmjs.org/sweetalert2/-/sweetalert2-11.22.3.tgz",
      "integrity": "sha512-//WtZEvs9XRmyQVs77tz02ERu2JUTATQvrec+MjJYtKtnYSYDDgAmDdWzRWMkcxClj828EQgfHrpM+tI6qcMOg==",
      "license": "MIT",
      "funding": {
        "type": "individual",
        "url": "https://github.com/sponsors/limonte"
      }
    }
  }
}
